{
  "version": 4,
  "terraform_version": "1.11.1",
  "serial": 1,
  "lineage": "5581bd4e-a19f-9ac3-b860-868dfc0490a5",
  "outputs": {},
  "resources": [
    {
      "mode": "managed",
      "type": "aws_vpc",
      "name": "example",
      "provider": "provider[\"registry.terraform.io/hashicorp/aws\"]",
      "instances": [
        {
          "schema_version": 1,
          "attributes": {
            "arn": "arn:aws:ec2:eu-north-1:577638390751:vpc/vpc-0c21bee37891203d3",
            "assign_generated_ipv6_cidr_block": false,
            "cidr_block": "10.1.10.0/27",
            "default_network_acl_id": "acl-00a74d4461c40569d",
            "default_route_table_id": "rtb-06ef62dff65a374fa",
            "default_security_group_id": "sg-034974594078806c6",
            "dhcp_options_id": "dopt-085682684aff7bb3f",
            "enable_classiclink": false,
            "enable_classiclink_dns_support": false,
            "enable_dns_hostnames": false,
            "enable_dns_support": true,
            "id": "vpc-0c21bee37891203d3",
            "instance_tenancy": "default",
            "ipv4_ipam_pool_id": null,
            "ipv4_netmask_length": null,
            "ipv6_association_id": "",
            "ipv6_cidr_block": "",
            "ipv6_cidr_block_network_border_group": "",
            "ipv6_ipam_pool_id": "",
            "ipv6_netmask_length": 0,
            "main_route_table_id": "rtb-06ef62dff65a374fa",
            "owner_id": "577638390751",
            "tags": null,
            "tags_all": {}
          },
          "sensitive_attributes": [],
          "private": "eyJzY2hlbWFfdmVyc2lvbiI6IjEifQ=="
        }
      ]
    }
  ],
  "check_results": null
}
