{
  "version": 4,
  "terraform_version": "1.15.2",
  "serial": 46,
  "lineage": "96953a5e-aac0-d07c-fd6b-ebf944023297",
  "outputs": {
    "output_example": {
      "value": "test-resource-group",
      "type": "string"
    },
    "output_image": {
      "value": "mengano",
      "type": "string"
    },
    "output_list": {
      "value": [
        "Manolo",
        "Pepe",
        "Juan"
      ],
      "type": [
        "tuple",
        [
          "string",
          "string",
          "string"
        ]
      ]
    }
  },
  "resources": [
    {
      "mode": "managed",
      "type": "azurerm_resource_group",
      "name": "sample",
      "provider": "provider[\"registry.terraform.io/hashicorp/azurerm\"]",
      "instances": [
        {
          "schema_version": 0,
          "attributes": {
            "id": "/subscriptions/eed70993-f087-4634-bed2-6876855d18f8/resourceGroups/mengano",
            "location": "westeurope",
            "managed_by": "",
            "name": "mengano",
            "tags": {},
            "timeouts": null
          },
          "sensitive_attributes": [],
          "identity_schema_version": 0,
          "identity": {
            "name": "mengano",
            "subscription_id": "eed70993-f087-4634-bed2-6876855d18f8"
          },
          "private": "eyJlMmJmYjczMC1lY2FhLTExZTYtOGY4OC0zNDM2M2JjN2M0YzAiOnsiY3JlYXRlIjo1NDAwMDAwMDAwMDAwLCJkZWxldGUiOjU0MDAwMDAwMDAwMDAsInJlYWQiOjMwMDAwMDAwMDAwMCwidXBkYXRlIjo1NDAwMDAwMDAwMDAwfX0="
        }
      ]
    },
    {
      "mode": "managed",
      "type": "azurerm_resource_group",
      "name": "sample2",
      "provider": "provider[\"registry.terraform.io/hashicorp/azurerm\"]",
      "instances": [
        {
          "schema_version": 0,
          "attributes": {
            "id": "/subscriptions/eed70993-f087-4634-bed2-6876855d18f8/resourceGroups/mengano_tonoto",
            "location": "westeurope",
            "managed_by": "",
            "name": "mengano_tonoto",
            "tags": {},
            "timeouts": null
          },
          "sensitive_attributes": [],
          "identity_schema_version": 0,
          "identity": {
            "name": "mengano_tonoto",
            "subscription_id": "eed70993-f087-4634-bed2-6876855d18f8"
          },
          "private": "eyJlMmJmYjczMC1lY2FhLTExZTYtOGY4OC0zNDM2M2JjN2M0YzAiOnsiY3JlYXRlIjo1NDAwMDAwMDAwMDAwLCJkZWxldGUiOjU0MDAwMDAwMDAwMDAsInJlYWQiOjMwMDAwMDAwMDAwMCwidXBkYXRlIjo1NDAwMDAwMDAwMDAwfX0="
        }
      ]
    },
    {
      "mode": "managed",
      "type": "azurerm_resource_group",
      "name": "sample3",
      "provider": "provider[\"registry.terraform.io/hashicorp/azurerm\"]",
      "instances": [
        {
          "schema_version": 0,
          "attributes": {
            "id": "/subscriptions/eed70993-f087-4634-bed2-6876855d18f8/resourceGroups/mengano_tonoto",
            "location": "westeurope",
            "managed_by": "",
            "name": "mengano_tonoto",
            "tags": {
              "team": "manolo"
            },
            "timeouts": null
          },
          "sensitive_attributes": [],
          "identity_schema_version": 0,
          "identity": {
            "name": "mengano_tonoto",
            "subscription_id": "eed70993-f087-4634-bed2-6876855d18f8"
          },
          "private": "eyJlMmJmYjczMC1lY2FhLTExZTYtOGY4OC0zNDM2M2JjN2M0YzAiOnsiY3JlYXRlIjo1NDAwMDAwMDAwMDAwLCJkZWxldGUiOjU0MDAwMDAwMDAwMDAsInJlYWQiOjMwMDAwMDAwMDAwMCwidXBkYXRlIjo1NDAwMDAwMDAwMDAwfX0="
        }
      ]
    },
    {
      "mode": "managed",
      "type": "azurerm_resource_group",
      "name": "sample5",
      "provider": "provider[\"registry.terraform.io/hashicorp/azurerm\"]",
      "instances": [
        {
          "index_key": "name01",
          "schema_version": 0,
          "attributes": {
            "id": "/subscriptions/eed70993-f087-4634-bed2-6876855d18f8/resourceGroups/mengano_tonoto_1",
            "location": "westeurope",
            "managed_by": "",
            "name": "mengano_tonoto_1",
            "tags": {
              "team": "manolo"
            },
            "timeouts": null
          },
          "sensitive_attributes": [],
          "identity_schema_version": 0,
          "identity": {
            "name": "mengano_tonoto_1",
            "subscription_id": "eed70993-f087-4634-bed2-6876855d18f8"
          },
          "private": "eyJlMmJmYjczMC1lY2FhLTExZTYtOGY4OC0zNDM2M2JjN2M0YzAiOnsiY3JlYXRlIjo1NDAwMDAwMDAwMDAwLCJkZWxldGUiOjU0MDAwMDAwMDAwMDAsInJlYWQiOjMwMDAwMDAwMDAwMCwidXBkYXRlIjo1NDAwMDAwMDAwMDAwfX0="
        },
        {
          "index_key": "name02",
          "schema_version": 0,
          "attributes": {
            "id": "/subscriptions/eed70993-f087-4634-bed2-6876855d18f8/resourceGroups/mengano_tonoto_2",
            "location": "westeurope",
            "managed_by": "",
            "name": "mengano_tonoto_2",
            "tags": {
              "team": "manolo"
            },
            "timeouts": null
          },
          "sensitive_attributes": [],
          "identity_schema_version": 0,
          "identity": {
            "name": "mengano_tonoto_2",
            "subscription_id": "eed70993-f087-4634-bed2-6876855d18f8"
          },
          "private": "eyJlMmJmYjczMC1lY2FhLTExZTYtOGY4OC0zNDM2M2JjN2M0YzAiOnsiY3JlYXRlIjo1NDAwMDAwMDAwMDAwLCJkZWxldGUiOjU0MDAwMDAwMDAwMDAsInJlYWQiOjMwMDAwMDAwMDAwMCwidXBkYXRlIjo1NDAwMDAwMDAwMDAwfX0="
        },
        {
          "index_key": "name03",
          "schema_version": 0,
          "attributes": {
            "id": "/subscriptions/eed70993-f087-4634-bed2-6876855d18f8/resourceGroups/mengano_tonoto_3",
            "location": "westeurope",
            "managed_by": "",
            "name": "mengano_tonoto_3",
            "tags": {
              "team": "manolo"
            },
            "timeouts": null
          },
          "sensitive_attributes": [],
          "identity_schema_version": 0,
          "identity": {
            "name": "mengano_tonoto_3",
            "subscription_id": "eed70993-f087-4634-bed2-6876855d18f8"
          },
          "private": "eyJlMmJmYjczMC1lY2FhLTExZTYtOGY4OC0zNDM2M2JjN2M0YzAiOnsiY3JlYXRlIjo1NDAwMDAwMDAwMDAwLCJkZWxldGUiOjU0MDAwMDAwMDAwMDAsInJlYWQiOjMwMDAwMDAwMDAwMCwidXBkYXRlIjo1NDAwMDAwMDAwMDAwfX0="
        }
      ]
    },
    {
      "mode": "managed",
      "type": "azurerm_resource_group",
      "name": "test",
      "provider": "provider[\"registry.terraform.io/hashicorp/azurerm\"]",
      "instances": [
        {
          "schema_version": 0,
          "attributes": {
            "id": "/subscriptions/eed70993-f087-4634-bed2-6876855d18f8/resourceGroups/test-resource-group",
            "location": "westeurope",
            "managed_by": "",
            "name": "test-resource-group",
            "tags": {},
            "timeouts": null
          },
          "sensitive_attributes": [],
          "identity_schema_version": 0,
          "identity": {
            "name": "test-resource-group",
            "subscription_id": "eed70993-f087-4634-bed2-6876855d18f8"
          },
          "private": "eyJlMmJmYjczMC1lY2FhLTExZTYtOGY4OC0zNDM2M2JjN2M0YzAiOnsiY3JlYXRlIjo1NDAwMDAwMDAwMDAwLCJkZWxldGUiOjU0MDAwMDAwMDAwMDAsInJlYWQiOjMwMDAwMDAwMDAwMCwidXBkYXRlIjo1NDAwMDAwMDAwMDAwfX0="
        }
      ]
    },
    {
      "mode": "managed",
      "type": "azurerm_resource_group",
      "name": "test2",
      "provider": "provider[\"registry.terraform.io/hashicorp/azurerm\"]",
      "instances": [
        {
          "schema_version": 0,
          "attributes": {
            "id": "/subscriptions/eed70993-f087-4634-bed2-6876855d18f8/resourceGroups/test-resource-group2",
            "location": "westeurope",
            "managed_by": "",
            "name": "test-resource-group2",
            "tags": {
              "dependency": "azurerm_resource_group.test"
            },
            "timeouts": null
          },
          "sensitive_attributes": [],
          "identity_schema_version": 0,
          "identity": {
            "name": "test-resource-group2",
            "subscription_id": "eed70993-f087-4634-bed2-6876855d18f8"
          },
          "private": "eyJlMmJmYjczMC1lY2FhLTExZTYtOGY4OC0zNDM2M2JjN2M0YzAiOnsiY3JlYXRlIjo1NDAwMDAwMDAwMDAwLCJkZWxldGUiOjU0MDAwMDAwMDAwMDAsInJlYWQiOjMwMDAwMDAwMDAwMCwidXBkYXRlIjo1NDAwMDAwMDAwMDAwfX0="
        }
      ]
    },
    {
      "mode": "managed",
      "type": "azurerm_resource_group",
      "name": "test3",
      "provider": "provider[\"registry.terraform.io/hashicorp/azurerm\"]",
      "instances": [
        {
          "schema_version": 0,
          "attributes": {
            "id": "/subscriptions/eed70993-f087-4634-bed2-6876855d18f8/resourceGroups/test-resource-group3",
            "location": "westeurope",
            "managed_by": "",
            "name": "test-resource-group3",
            "tags": {},
            "timeouts": null
          },
          "sensitive_attributes": [],
          "identity_schema_version": 0,
          "identity": {
            "name": "test-resource-group3",
            "subscription_id": "eed70993-f087-4634-bed2-6876855d18f8"
          },
          "private": "eyJlMmJmYjczMC1lY2FhLTExZTYtOGY4OC0zNDM2M2JjN2M0YzAiOnsiY3JlYXRlIjo1NDAwMDAwMDAwMDAwLCJkZWxldGUiOjU0MDAwMDAwMDAwMDAsInJlYWQiOjMwMDAwMDAwMDAwMCwidXBkYXRlIjo1NDAwMDAwMDAwMDAwfX0=",
          "dependencies": [
            "azurerm_resource_group.test",
            "azurerm_resource_group.test2"
          ]
        }
      ]
    }
  ],
  "check_results": [
    {
      "object_kind": "var",
      "config_addr": "var.image_id",
      "status": "pass",
      "objects": [
        {
          "object_addr": "var.image_id",
          "status": "pass"
        }
      ]
    }
  ]
}
