{
  "version": 4,
  "terraform_version": "1.14.9",
  "serial": 5,
  "lineage": "96953a5e-aac0-d07c-fd6b-ebf944023297",
  "outputs": {
    "content": {
      "value": "null",
      "type": "string"
    },
    "environment": {
      "value": "local",
      "type": "string"
    },
    "lista": {
      "value": [],
      "type": [
        "set",
        "string"
      ]
    },
    "nombrado": {
      "value": "fulano",
      "type": "string"
    },
    "output_example": {
      "value": "test-resource-group",
      "type": "string"
    }
  },
  "resources": [
    {
      "mode": "managed",
      "type": "azurerm_resource_group",
      "name": "test",
      "provider": "provider[\"registry.terraform.io/hashicorp/azurerm\"]",
      "instances": [
        {
          "schema_version": 0,
          "attributes": {
            "id": "/subscriptions/eed70993-f087-4634-bed2-6876855d18f8/resourceGroups/test-resource-group",
            "location": "westeurope",
            "managed_by": "",
            "name": "test-resource-group",
            "tags": {},
            "timeouts": null
          },
          "sensitive_attributes": [],
          "identity_schema_version": 0,
          "identity": {
            "name": "test-resource-group",
            "subscription_id": "eed70993-f087-4634-bed2-6876855d18f8"
          },
          "private": "eyJlMmJmYjczMC1lY2FhLTExZTYtOGY4OC0zNDM2M2JjN2M0YzAiOnsiY3JlYXRlIjo1NDAwMDAwMDAwMDAwLCJkZWxldGUiOjU0MDAwMDAwMDAwMDAsInJlYWQiOjMwMDAwMDAwMDAwMCwidXBkYXRlIjo1NDAwMDAwMDAwMDAwfX0="
        }
      ]
    },
    {
      "mode": "managed",
      "type": "azurerm_resource_group",
      "name": "test2",
      "provider": "provider[\"registry.terraform.io/hashicorp/azurerm\"]",
      "instances": [
        {
          "schema_version": 0,
          "attributes": {
            "id": "/subscriptions/eed70993-f087-4634-bed2-6876855d18f8/resourceGroups/test-resource-group2",
            "location": "westeurope",
            "managed_by": "",
            "name": "test-resource-group2",
            "tags": {
              "dependency": "azurerm_resource_group.test"
            },
            "timeouts": null
          },
          "sensitive_attributes": [],
          "identity_schema_version": 0,
          "identity": {
            "name": "test-resource-group2",
            "subscription_id": "eed70993-f087-4634-bed2-6876855d18f8"
          },
          "private": "eyJlMmJmYjczMC1lY2FhLTExZTYtOGY4OC0zNDM2M2JjN2M0YzAiOnsiY3JlYXRlIjo1NDAwMDAwMDAwMDAwLCJkZWxldGUiOjU0MDAwMDAwMDAwMDAsInJlYWQiOjMwMDAwMDAwMDAwMCwidXBkYXRlIjo1NDAwMDAwMDAwMDAwfX0="
        }
      ]
    },
    {
      "mode": "managed",
      "type": "azurerm_resource_group",
      "name": "test3",
      "provider": "provider[\"registry.terraform.io/hashicorp/azurerm\"]",
      "instances": [
        {
          "schema_version": 0,
          "attributes": {
            "id": "/subscriptions/eed70993-f087-4634-bed2-6876855d18f8/resourceGroups/test-resource-group3",
            "location": "westeurope",
            "managed_by": "",
            "name": "test-resource-group3",
            "tags": null,
            "timeouts": null
          },
          "sensitive_attributes": [],
          "identity_schema_version": 0,
          "identity": {
            "name": "test-resource-group3",
            "subscription_id": "eed70993-f087-4634-bed2-6876855d18f8"
          },
          "private": "eyJlMmJmYjczMC1lY2FhLTExZTYtOGY4OC0zNDM2M2JjN2M0YzAiOnsiY3JlYXRlIjo1NDAwMDAwMDAwMDAwLCJkZWxldGUiOjU0MDAwMDAwMDAwMDAsInJlYWQiOjMwMDAwMDAwMDAwMCwidXBkYXRlIjo1NDAwMDAwMDAwMDAwfX0=",
          "dependencies": [
            "azurerm_resource_group.test",
            "azurerm_resource_group.test2"
          ]
        }
      ]
    }
  ],
  "check_results": null
}
