{
  "version": 4,
  "terraform_version": "1.15.2",
  "serial": 11,
  "lineage": "89aba7cc-8ead-f285-bd3d-afe1a06f286f",
  "outputs": {
    "rg_id": {
      "value": "/subscriptions/eed70993-f087-4634-bed2-6876855d18f8/resourceGroups/lab01",
      "type": "string"
    },
    "rg_location": {
      "value": "westus",
      "type": "string"
    }
  },
  "resources": [
    {
      "mode": "managed",
      "type": "azurerm_resource_group",
      "name": "lab01",
      "provider": "provider[\"registry.terraform.io/hashicorp/azurerm\"]",
      "instances": [
        {
          "schema_version": 0,
          "attributes": {
            "id": "/subscriptions/eed70993-f087-4634-bed2-6876855d18f8/resourceGroups/lab01",
            "location": "westus",
            "managed_by": "",
            "name": "lab01",
            "tags": null,
            "timeouts": null
          },
          "sensitive_attributes": [],
          "identity_schema_version": 0,
          "identity": {
            "name": "lab01",
            "subscription_id": "eed70993-f087-4634-bed2-6876855d18f8"
          },
          "private": "eyJlMmJmYjczMC1lY2FhLTExZTYtOGY4OC0zNDM2M2JjN2M0YzAiOnsiY3JlYXRlIjo1NDAwMDAwMDAwMDAwLCJkZWxldGUiOjU0MDAwMDAwMDAwMDAsInJlYWQiOjMwMDAwMDAwMDAwMCwidXBkYXRlIjo1NDAwMDAwMDAwMDAwfX0="
        }
      ]
    },
    {
      "module": "module.vnet",
      "mode": "data",
      "type": "azapi_client_config",
      "name": "telemetry",
      "provider": "provider[\"registry.terraform.io/azure/azapi\"]",
      "instances": [
        {
          "index_key": 0,
          "schema_version": 0,
          "attributes": {
            "id": "clientConfigs/subscriptionId=eed70993-f087-4634-bed2-6876855d18f8;tenantId=3524db84-f5fc-4b0c-93b9-8ffe2317bd86",
            "object_id": "dc4d2282-ac87-4967-b854-67ca7b63c1f1",
            "subscription_id": "eed70993-f087-4634-bed2-6876855d18f8",
            "subscription_resource_id": "/subscriptions/eed70993-f087-4634-bed2-6876855d18f8",
            "tenant_id": "3524db84-f5fc-4b0c-93b9-8ffe2317bd86",
            "timeouts": null
          },
          "sensitive_attributes": [],
          "identity_schema_version": 0
        }
      ]
    },
    {
      "module": "module.vnet",
      "mode": "data",
      "type": "modtm_module_source",
      "name": "telemetry",
      "provider": "provider[\"registry.terraform.io/azure/modtm\"]",
      "instances": [
        {
          "index_key": 0,
          "schema_version": 0,
          "attributes": {
            "module_path": ".terraform/modules/vnet",
            "module_source": "registry.terraform.io/Azure/avm-res-network-virtualnetwork/azurerm",
            "module_version": "0.17.1"
          },
          "sensitive_attributes": [],
          "identity_schema_version": 0
        }
      ]
    },
    {
      "module": "module.vnet",
      "mode": "managed",
      "type": "modtm_telemetry",
      "name": "telemetry",
      "provider": "provider[\"registry.terraform.io/azure/modtm\"]",
      "instances": [
        {
          "index_key": 0,
          "schema_version": 0,
          "attributes": {
            "endpoint": null,
            "ephemeral_number": null,
            "id": "d160b856-e3ad-4095-988b-e1389902dbd5",
            "nonce": null,
            "tags": {
              "location": "westus",
              "module_source": "registry.terraform.io/Azure/avm-res-network-virtualnetwork/azurerm",
              "module_version": "0.17.1",
              "random_id": "f9850d19-af68-4220-4567-812582ee432e",
              "subscription_id": "eed70993-f087-4634-bed2-6876855d18f8",
              "tenant_id": "3524db84-f5fc-4b0c-93b9-8ffe2317bd86"
            }
          },
          "sensitive_attributes": [],
          "identity_schema_version": 0,
          "dependencies": [
            "module.vnet.data.azapi_client_config.telemetry",
            "module.vnet.data.modtm_module_source.telemetry",
            "module.vnet.random_uuid.telemetry"
          ]
        }
      ]
    },
    {
      "module": "module.vnet",
      "mode": "managed",
      "type": "random_uuid",
      "name": "telemetry",
      "provider": "provider[\"registry.terraform.io/hashicorp/random\"]",
      "instances": [
        {
          "index_key": 0,
          "schema_version": 0,
          "attributes": {
            "id": "f9850d19-af68-4220-4567-812582ee432e",
            "keepers": null,
            "result": "f9850d19-af68-4220-4567-812582ee432e"
          },
          "sensitive_attributes": [],
          "identity_schema_version": 0
        }
      ]
    }
  ],
  "check_results": [
    {
      "object_kind": "var",
      "config_addr": "module.vnet.module.peering.var.reverse_peer_complete_vnets",
      "status": "pass",
      "objects": null
    },
    {
      "object_kind": "var",
      "config_addr": "module.vnet.module.peering.var.remote_virtual_network_id",
      "status": "pass",
      "objects": null
    },
    {
      "object_kind": "var",
      "config_addr": "module.vnet.var.ipam_pools",
      "status": "pass",
      "objects": [
        {
          "object_addr": "module.vnet.var.ipam_pools",
          "status": "pass"
        }
      ]
    },
    {
      "object_kind": "var",
      "config_addr": "module.vnet.module.subnet.var.ipam_pools",
      "status": "pass",
      "objects": null
    },
    {
      "object_kind": "var",
      "config_addr": "module.vnet.var.extended_location",
      "status": "pass",
      "objects": [
        {
          "object_addr": "module.vnet.var.extended_location",
          "status": "pass"
        }
      ]
    },
    {
      "object_kind": "var",
      "config_addr": "module.vnet.var.parent_id",
      "status": "pass",
      "objects": [
        {
          "object_addr": "module.vnet.var.parent_id",
          "status": "pass"
        }
      ]
    },
    {
      "object_kind": "var",
      "config_addr": "module.vnet.module.peering.var.parent_id",
      "status": "pass",
      "objects": null
    },
    {
      "object_kind": "var",
      "config_addr": "module.vnet.module.subnet.var.service_endpoints_with_location",
      "status": "pass",
      "objects": null
    },
    {
      "object_kind": "var",
      "config_addr": "module.vnet.var.diagnostic_settings",
      "status": "pass",
      "objects": [
        {
          "object_addr": "module.vnet.var.diagnostic_settings",
          "status": "pass"
        }
      ]
    },
    {
      "object_kind": "var",
      "config_addr": "module.vnet.var.subnets",
      "status": "pass",
      "objects": [
        {
          "object_addr": "module.vnet.var.subnets",
          "status": "pass"
        }
      ]
    },
    {
      "object_kind": "var",
      "config_addr": "module.vnet.module.subnet.var.parent_id",
      "status": "pass",
      "objects": null
    },
    {
      "object_kind": "var",
      "config_addr": "module.vnet.var.lock",
      "status": "pass",
      "objects": [
        {
          "object_addr": "module.vnet.var.lock",
          "status": "pass"
        }
      ]
    },
    {
      "object_kind": "var",
      "config_addr": "module.vnet.module.peering.var.peer_complete_vnets",
      "status": "pass",
      "objects": null
    },
    {
      "object_kind": "var",
      "config_addr": "module.vnet.var.encryption",
      "status": "pass",
      "objects": [
        {
          "object_addr": "module.vnet.var.encryption",
          "status": "pass"
        }
      ]
    },
    {
      "object_kind": "var",
      "config_addr": "module.vnet.var.address_space",
      "status": "pass",
      "objects": [
        {
          "object_addr": "module.vnet.var.address_space",
          "status": "pass"
        }
      ]
    },
    {
      "object_kind": "var",
      "config_addr": "module.vnet.module.subnet.var.sharing_scope",
      "status": "pass",
      "objects": null
    },
    {
      "object_kind": "var",
      "config_addr": "module.vnet.module.peering.var.sync_remote_address_space_triggers",
      "status": "pass",
      "objects": null
    },
    {
      "object_kind": "var",
      "config_addr": "module.vnet.module.subnet.var.private_endpoint_network_policies",
      "status": "pass",
      "objects": null
    }
  ]
}
