{
  "version": 4,
  "terraform_version": "1.15.2",
  "serial": 3,
  "lineage": "89aba7cc-8ead-f285-bd3d-afe1a06f286f",
  "outputs": {},
  "resources": [
    {
      "mode": "managed",
      "type": "azurerm_resource_group",
      "name": "lab01",
      "provider": "provider[\"registry.terraform.io/hashicorp/azurerm\"]",
      "instances": [
        {
          "schema_version": 0,
          "attributes": {
            "id": "/subscriptions/eed70993-f087-4634-bed2-6876855d18f8/resourceGroups/lab01",
            "location": "westeurope",
            "managed_by": "",
            "name": "lab01",
            "tags": null,
            "timeouts": null
          },
          "sensitive_attributes": [],
          "identity_schema_version": 0,
          "identity": {
            "name": "lab01",
            "subscription_id": "eed70993-f087-4634-bed2-6876855d18f8"
          },
          "private": "eyJlMmJmYjczMC1lY2FhLTExZTYtOGY4OC0zNDM2M2JjN2M0YzAiOnsiY3JlYXRlIjo1NDAwMDAwMDAwMDAwLCJkZWxldGUiOjU0MDAwMDAwMDAwMDAsInJlYWQiOjMwMDAwMDAwMDAwMCwidXBkYXRlIjo1NDAwMDAwMDAwMDAwfX0="
        }
      ]
    },
    {
      "mode": "managed",
      "type": "azurerm_virtual_network",
      "name": "lab01-network",
      "provider": "provider[\"registry.terraform.io/hashicorp/azurerm\"]",
      "instances": [
        {
          "schema_version": 0,
          "attributes": {
            "address_space": [
              "10.0.0.0/16"
            ],
            "bgp_community": "",
            "ddos_protection_plan": [],
            "dns_servers": [],
            "edge_zone": "",
            "encryption": [],
            "flow_timeout_in_minutes": 0,
            "guid": "e264e888-8e9f-4c70-8a75-b23965a5d54f",
            "id": "/subscriptions/eed70993-f087-4634-bed2-6876855d18f8/resourceGroups/lab01/providers/Microsoft.Network/virtualNetworks/lab01-network",
            "ip_address_pool": [],
            "location": "westeurope",
            "name": "lab01-network",
            "private_endpoint_vnet_policies": "Disabled",
            "resource_group_name": "lab01",
            "subnet": [
              {
                "address_prefixes": [
                  "10.0.1.0/24"
                ],
                "default_outbound_access_enabled": true,
                "delegation": [],
                "id": "/subscriptions/eed70993-f087-4634-bed2-6876855d18f8/resourceGroups/lab01/providers/Microsoft.Network/virtualNetworks/lab01-network/subnets/lab01-subnet01",
                "name": "lab01-subnet01",
                "private_endpoint_network_policies": "Disabled",
                "private_link_service_network_policies_enabled": true,
                "route_table_id": "",
                "security_group": "",
                "service_endpoint_policy_ids": [],
                "service_endpoints": []
              }
            ],
            "tags": {
              "environment": "laboratory01"
            },
            "timeouts": null
          },
          "sensitive_attributes": [],
          "identity_schema_version": 0,
          "identity": {
            "name": "lab01-network",
            "resource_group_name": "lab01",
            "subscription_id": "eed70993-f087-4634-bed2-6876855d18f8"
          },
          "private": "eyJlMmJmYjczMC1lY2FhLTExZTYtOGY4OC0zNDM2M2JjN2M0YzAiOnsiY3JlYXRlIjoxODAwMDAwMDAwMDAwLCJkZWxldGUiOjE4MDAwMDAwMDAwMDAsInJlYWQiOjMwMDAwMDAwMDAwMCwidXBkYXRlIjoxODAwMDAwMDAwMDAwfX0=",
          "dependencies": [
            "azurerm_resource_group.lab01"
          ]
        }
      ]
    }
  ],
  "check_results": null
}
